<?xml version="1.0" encoding="utf-8"?>
<Project ToolsVersion="17.0" xmlns="http://schemas.microsoft.com/developer/msbuild/2003">
  <ItemGroup>
    <ClCompile Include="E:\mybook\junior\course\Graphics\dandelion\test\main.cpp">
      <Filter>Source Files</Filter>
    </ClCompile>
    <ClCompile Include="E:\mybook\junior\course\Graphics\dandelion\src\platform\gl.cpp">
      <Filter>Source Files</Filter>
    </ClCompile>
    <ClCompile Include="E:\mybook\junior\course\Graphics\dandelion\src\platform\shader.cpp">
      <Filter>Source Files</Filter>
    </ClCompile>
    <ClCompile Include="E:\mybook\junior\course\Graphics\dandelion\src\scene\scene.cpp">
      <Filter>Source Files</Filter>
    </ClCompile>
    <ClCompile Include="E:\mybook\junior\course\Graphics\dandelion\src\scene\group.cpp">
      <Filter>Source Files</Filter>
    </ClCompile>
    <ClCompile Include="E:\mybook\junior\course\Graphics\dandelion\src\scene\object.cpp">
      <Filter>Source Files</Filter>
    </ClCompile>
    <ClCompile Include="E:\mybook\junior\course\Graphics\dandelion\src\scene\camera.cpp">
      <Filter>Source Files</Filter>
    </ClCompile>
    <ClCompile Include="E:\mybook\junior\course\Graphics\dandelion\src\scene\light.cpp">
      <Filter>Source Files</Filter>
    </ClCompile>
    <ClCompile Include="E:\mybook\junior\course\Graphics\dandelion\src\utils\stb_image_wrapper.cpp">
      <Filter>Source Files</Filter>
    </ClCompile>
    <ClCompile Include="E:\mybook\junior\course\Graphics\dandelion\src\utils\kinetic_state.cpp">
      <Filter>Source Files</Filter>
    </ClCompile>
    <ClCompile Include="E:\mybook\junior\course\Graphics\dandelion\src\utils\logger.cpp">
      <Filter>Source Files</Filter>
    </ClCompile>
    <ClCompile Include="E:\mybook\junior\course\Graphics\dandelion\src\render\shader.cpp">
      <Filter>Source Files</Filter>
    </ClCompile>
    <ClCompile Include="E:\mybook\junior\course\Graphics\dandelion\src\render\rasterizer.cpp">
      <Filter>Source Files</Filter>
    </ClCompile>
    <ClCompile Include="E:\mybook\junior\course\Graphics\dandelion\src\render\rasterizer_renderer.cpp">
      <Filter>Source Files</Filter>
    </ClCompile>
    <ClCompile Include="E:\mybook\junior\course\Graphics\dandelion\src\render\whitted_renderer.cpp">
      <Filter>Source Files</Filter>
    </ClCompile>
    <ClCompile Include="E:\mybook\junior\course\Graphics\dandelion\src\render\render_engine.cpp">
      <Filter>Source Files</Filter>
    </ClCompile>
    <ClCompile Include="E:\mybook\junior\course\Graphics\dandelion\src\render\triangle.cpp">
      <Filter>Source Files</Filter>
    </ClCompile>
    <ClCompile Include="E:\mybook\junior\course\Graphics\dandelion\src\geometry\halfedge_mesh.cpp">
      <Filter>Source Files</Filter>
    </ClCompile>
    <ClCompile Include="E:\mybook\junior\course\Graphics\dandelion\src\geometry\meshedit.cpp">
      <Filter>Source Files</Filter>
    </ClCompile>
    <ClCompile Include="E:\mybook\junior\course\Graphics\dandelion\src\geometry\halfedge.cpp">
      <Filter>Source Files</Filter>
    </ClCompile>
    <ClCompile Include="E:\mybook\junior\course\Graphics\dandelion\src\geometry\vertex.cpp">
      <Filter>Source Files</Filter>
    </ClCompile>
    <ClCompile Include="E:\mybook\junior\course\Graphics\dandelion\src\geometry\edge.cpp">
      <Filter>Source Files</Filter>
    </ClCompile>
    <ClCompile Include="E:\mybook\junior\course\Graphics\dandelion\src\geometry\face.cpp">
      <Filter>Source Files</Filter>
    </ClCompile>
    <ClCompile Include="E:\mybook\junior\course\Graphics\dandelion\src\simulation\solver.cpp">
      <Filter>Source Files</Filter>
    </ClCompile>
    <ClCompile Include="E:\mybook\junior\course\Graphics\dandelion\test\basic_tests.cpp">
      <Filter>Source Files</Filter>
    </ClCompile>
    <ClCompile Include="E:\mybook\junior\course\Graphics\dandelion\test\geometry_tests.cpp">
      <Filter>Source Files</Filter>
    </ClCompile>
    <ClCompile Include="E:\mybook\junior\course\Graphics\dandelion\deps\glad\src\glad.c">
      <Filter>Source Files</Filter>
    </ClCompile>
    <ClCompile Include="E:\mybook\junior\course\Graphics\dandelion\deps\catch2\catch_amalgamated.cpp">
      <Filter>Source Files</Filter>
    </ClCompile>
  </ItemGroup>
  <ItemGroup>
    <CustomBuild Include="E:\mybook\junior\course\Graphics\dandelion\test\CMakeLists.txt" />
  </ItemGroup>
  <ItemGroup>
    <Filter Include="Source Files">
      <UniqueIdentifier>{EF94CAB1-4E70-3E16-8627-0523B22F12F8}</UniqueIdentifier>
    </Filter>
  </ItemGroup>
</Project>
